{
  "generation_id": "g_20260921T003220Z_e3b0",
  "molecules": [
    {
      "id": "com.github.haexmas.atoms.ast-grep",
      "paths": [
        ".spaex/constitution.md"
      ],
      "revision": "1a292194da6a279eb382e562870fed1c41ebdf8e",
      "source": "https://github.com/haexmas/atoms"
    },
    {
      "id": "com.github.haexmas.atoms.coding-guideline-javascript-typescript",
      "paths": [
        ".spaex/constitution.md"
      ],
      "revision": "1a292194da6a279eb382e562870fed1c41ebdf8e",
      "source": "https://github.com/haexmas/atoms"
    },
    {
      "id": "com.github.haexmas.atoms.coding-guideline-python",
      "paths": [
        ".spaex/constitution.md"
      ],
      "revision": "1a292194da6a279eb382e562870fed1c41ebdf8e",
      "source": "https://github.com/haexmas/atoms"
    },
    {
      "id": "com.github.haexmas.atoms.general-coding",
      "paths": [
        ".spaex/constitution.md"
      ],
      "revision": "1a292194da6a279eb382e562870fed1c41ebdf8e",
      "source": "https://github.com/haexmas/atoms"
    },
    {
      "hook_status": "skipped",
      "id": "com.github.haexmas.atoms.graphify-first-authoring",
      "paths": [
        ".spaex/constitution.md"
      ],
      "revision": "1a292194da6a279eb382e562870fed1c41ebdf8e",
      "source": "https://github.com/haexmas/atoms"
    },
    {
      "id": "com.github.haexmas.atoms.ponytail",
      "paths": [
        ".spaex/constitution.md"
      ],
      "revision": "1a292194da6a279eb382e562870fed1c41ebdf8e",
      "source": "https://github.com/haexmas/atoms"
    },
    {
      "id": "com.github.haexmas.atoms.spaex-constitution",
      "paths": [
        ".spaex/constitution.md"
      ],
      "revision": "1a292194da6a279eb382e562870fed1c41ebdf8e",
      "source": "https://github.com/haexmas/atoms"
    },
    {
      "id": "com.github.haexmas.atoms.speckit",
      "paths": [],
      "revision": "1a292194da6a279eb382e562870fed1c41ebdf8e",
      "source": "https://github.com/haexmas/atoms",
      "speckit": {
        "cli_version": "1.0.6",
        "declaration_fingerprint": "sha256:cb24e7ed39221bbaf81ac21de91e0deabb9b0c9fade5d76fc82c7b0116e98a05",
        "outcomes": {
          "claude": "installed",
          "codex": "installed"
        },
        "selected": [
          "claude",
          "codex"
        ]
      }
    }
  ],
  "spaex_version": "4"
}
